// !$*UTF8*$!
{
	archiveVersion = 1;
	classes = {
	};
	objectVersion = 46;
	objects = {

/* Begin PBXBuildFile section */
		976C0C821D9421C10063E79D /* AppDelegate.swift in Sources */ = {isa = PBXBuildFile; fileRef = 976C0C811D9421C10063E79D /* AppDelegate.swift */; };
		976C0C841D9421C10063E79D /* ViewController.swift in Sources */ = {isa = PBXBuildFile; fileRef = 976C0C831D9421C10063E79D /* ViewController.swift */; };
		976C0C871D9421C10063E79D /* Main.storyboard in Resources */ = {isa = PBXBuildFile; fileRef = 976C0C851D9421C10063E79D /* Main.storyboard */; };
		976C0C891D9421C10063E79D /* Assets.xcassets in Resources */ = {isa = PBXBuildFile; fileRef = 976C0C881D9421C10063E79D /* Assets.xcassets */; };
		976C0C8C1D9421C10063E79D /* LaunchScreen.storyboard in Resources */ = {isa = PBXBuildFile; fileRef = 976C0C8A1D9421C10063E79D /* LaunchScreen.storyboard */; };
/* End PBXBuildFile section */

/* Begin PBXFileReference section */
		976C0C7E1D9421C00063E79D /* Cosomer.app */ = {isa = PBXFileReference; explicitFileType = wrapper.application; includeInIndex = 0; path = Cosomer.app; sourceTree = BUILT_PRODUCTS_DIR; };
		976C0C811D9421C10063E79D /* AppDelegate.swift */ = {isa = PBXFileReference; lastKnownFileType = sourcecode.swift; path = AppDelegate.swift; sourceTree = "<group>"; };
		976C0C831D9421C10063E79D /* ViewController.swift */ = {isa = PBXFileReference; lastKnownFileType = sourcecode.swift; path = ViewController.swift; sourceTree = "<group>"; };
		976C0C861D9421C10063E79D /* Base */ = {isa = PBXFileReference; lastKnownFileType = file.storyboard; name = Base; path = Base.lproj/Main.storyboard; sourceTree = "<group>"; };
		976C0C881D9421C10063E79D /* Assets.xcassets */ = {isa = PBXFileReference; lastKnownFileType = folder.assetcatalog; path = Assets.xcassets; sourceTree = "<group>"; };
		976C0C8B1D9421C10063E79D /* Base */ = {isa = PBXFileReference; lastKnownFileType = file.storyboard; name = Base; path = Base.lproj/LaunchScreen.storyboard; sourceTree = "<group>"; };
		976C0C8D1D9421C10063E79D /* Info.plist */ = {isa = PBXFileReference; lastKnownFileType = text.plist.xml; path = Info.plist; sourceTree = "<group>"; };
/* End PBXFileReference section */

/* Begin PBXFrameworksBuildPhase section */
		976C0C7B1D9421C00063E79D /* Frameworks */ = {
			isa = PBXFrameworksBuildPhase;
			buildActionMask = 2147483647;
			files = (
			);
			runOnlyForDeploymentPostprocessing = 0;
		};
/* End PBXFrameworksBuildPhase section */

/* Begin PBXGroup section */
		976C0C751D9421C00063E79D = {
			isa = PBXGroup;
			children = (
				976C0C801D9421C00063E79D /* Cosomer */,
				976C0C7F1D9421C00063E79D /* Products */,
			);
			sourceTree = "<group>";
		};
		976C0C7F1D9421C00063E79D /* Products */ = {
			isa = PBXGroup;
			children = (
				976C0C7E1D9421C00063E79D /* Cosomer.app */,
			);
			name = Products;
			sourceTree = "<group>";
		};
		976C0C801D9421C00063E79D /* Cosomer */ = {
			isa = PBXGroup;
			children = (
				976C0C811D9421C10063E79D /* AppDelegate.swift */,
				976C0C831D9421C10063E79D /* ViewController.swift */,
				976C0C851D9421C10063E79D /* Main.storyboard */,
				976C0C881D9421C10063E79D /* Assets.xcassets */,
				976C0C8A1D9421C10063E79D /* LaunchScreen.storyboard */,
				976C0C8D1D9421C10063E79D /* Info.plist */,
			);
			path = Cosomer;
			sourceTree = "<group>";
		};
/* End PBXGroup section */

/* Begin PBXNativeTarget section */
		976C0C7D1D9421C00063E79D /* Cosomer */ = {
			isa = PBXNativeTarget;
			buildConfigurationList = 976C0C901D9421C10063E79D /* Build configuration list for PBXNativeTarget "Cosomer" */;
			buildPhases = (
				976C0C7A1D9421C00063E79D /* Sources */,
				976C0C7B1D9421C00063E79D /* Frameworks */,
				976C0C7C1D9421C00063E79D /* Resources */,
			);
			buildRules = (
			);
			dependencies = (
			);
			name = Cosomer;
			productName = Cosomer;
			productReference = 976C0C7E1D9421C00063E79D /* Cosomer.app */;
			productType = "com.apple.product-type.application";
		};
/* End PBXNativeTarget section */

/* Begin PBXProject section */
		976C0C761D9421C00063E79D /* Project object */ = {
			isa = PBXProject;
			attributes = {
				LastSwiftUpdateCheck = 0730;
				LastUpgradeCheck = 0730;
				ORGANIZATIONNAME = "Proulx, Olivier";
				TargetAttributes = {
					976C0C7D1D9421C00063E79D = {
						CreatedOnToolsVersion = 7.3.1;
					};
				};
			};
			buildConfigurationList = 976C0C791D9421C00063E79D /* Build configuration list for PBXProject "Cosomer" */;
			compatibilityVersion = "Xcode 3.2";
			developmentRegion = English;
			hasScannedForEncodings = 0;
			knownRegions = (
				en,
				Base,
			);
			mainGroup = 976C0C751D9421C00063E79D;
			productRefGroup = 976C0C7F1D9421C00063E79D /* Products */;
			projectDirPath = "";
			projectRoot = "";
			targets = (
				976C0C7D1D9421C00063E79D /* Cosomer */,
			);
		};
/* End PBXProject section */

/* Begin PBXResourcesBuildPhase section */
		976C0C7C1D9421C00063E79D /* Resources */ = {
			isa = PBXResourcesBuildPhase;
			buildActionMask = 2147483647;
			files = (
				976C0C8C1D9421C10063E79D /* LaunchScreen.storyboard in Resources */,
				976C0C891D9421C10063E79D /* Assets.xcassets in Resources */,
				976C0C871D9421C10063E79D /* Main.storyboard in Resources */,
			);
			runOnlyForDeploymentPostprocessing = 0;
		};
/* End PBXResourcesBuildPhase section */

/* Begin PBXSourcesBuildPhase section */
		976C0C7A1D9421C00063E79D /* Sources */ = {
			isa = PBXSourcesBuildPhase;
			buildActionMask = 2147483647;
			files = (
				976C0C841D9421C10063E79D /* ViewController.swift in Sources */,
				976C0C821D9421C10063E79D /* AppDelegate.swift in Sources */,
			);
			runOnlyForDeploymentPostprocessing = 0;
		};
/* End PBXSourcesBuildPhase section */

/* Begin PBXVariantGroup section */
		976C0C851D9421C10063E79D /* Main.storyboard */ = {
			isa = PBXVariantGroup;
			children = (
				976C0C861D9421C10063E79D /* Base */,
			);
			name = Main.storyboard;
			sourceTree = "<group>";
		};
		976C0C8A1D9421C10063E79D /* LaunchScreen.storyboard */ = {
			isa = PBXVariantGroup;
			children = (
				976C0C8B1D9421C10063E79D /* Base */,
			);
			name = LaunchScreen.storyboard;
			sourceTree = "<group>";
		};
/* End PBXVariantGroup section */

/* Begin XCBuildConfiguration section */
		976C0C8E1D9421C10063E79D /* Debug */ = {
			isa = XCBuildConfiguration;
			buildSettings = {
				ALWAYS_SEARCH_USER_PATHS = NO;
				CLANG_ANALYZER_NONNULL = YES;
				CLANG_CXX_LANGUAGE_STANDARD = "gnu++0x";
				CLANG_CXX_LIBRARY = "libc++";
				CLANG_ENABLE_MODULES = YES;
				CLANG_ENABLE_OBJC_ARC = YES;
				CLANG_WARN_BOOL_CONVERSION = YES;
				CLANG_WARN_CONSTANT_CONVERSION = YES;
				CLANG_WARN_DIRECT_OBJC_ISA_USAGE = YES_ERROR;
				CLANG_WARN_EMPTY_BODY = YES;
				CLANG_WARN_ENUM_CONVERSION = YES;
				CLANG_WARN_INT_CONVERSION = YES;
				CLANG_WARN_OBJC_ROOT_CLASS = YES_ERROR;
				CLANG_WARN_UNREACHABLE_CODE = YES;
				CLANG_WARN__DUPLICATE_METHOD_MATCH = YES;
				"CODE_SIGN_IDENTITY[sdk=iphoneos*]" = "iPhone Developer";
				COPY_PHASE_STRIP = NO;
				DEBUG_INFORMATION_FORMAT = dwarf;
				ENABLE_STRICT_OBJC_MSGSEND = YES;
				ENABLE_TESTABILITY = YES;
				GCC_C_LANGUAGE_STANDARD = gnu99;
				GCC_DYNAMIC_NO_PIC = NO;
				GCC_NO_COMMON_BLOCKS = YES;
				GCC_OPTIMIZATION_LEVEL = 0;
				GCC_PREPROCESSOR_DEFINITIONS = (
					"DEBUG=1",
					"$(inherited)",
				);
				GCC_WARN_64_TO_32_BIT_CONVERSION = YES;
				GCC_WARN_ABOUT_RETURN_TYPE = YES_ERROR;
				GCC_WARN_UNDECLARED_SELECTOR = YES;
				GCC_WARN_UNINITIALIZED_AUTOS = YES_AGGRESSIVE;
				GCC_WARN_UNUSED_FUNCTION = YES;
				GCC_WARN_UNUSED_VARIABLE = YES;
				IPHONEOS_DEPLOYMENT_TARGET = 9.3;
				MTL_ENABLE_DEBUG_INFO = YES;
				ONLY_ACTIVE_ARCH = YES;
				SDKROOT = iphoneos;
				SWIFT_OPTIMIZATION_LEVEL = "-Onone";
				TARGETED_DEVICE_FAMILY = 2;
			};
			name = Debug;
		};
		976C0C8F1D9421C10063E79D /* Release */ = {
			isa = XCBuildConfiguration;
			buildSettings = {
				ALWAYS_SEARCH_USER_PATHS = NO;
				CLANG_ANALYZER_NONNULL = YES;
				CLANG_CXX_LANGUAGE_STANDARD = "gnu++0x";
				CLANG_CXX_LIBRARY = "libc++";
				CLANG_ENABLE_MODULES = YES;
				CLANG_ENABLE_OBJC_ARC = YES;
				CLANG_WARN_BOOL_CONVERSION = YES;
				CLANG_WARN_CONSTANT_CONVERSION = YES;
				CLANG_WARN_DIRECT_OBJC_ISA_USAGE = YES_ERROR;
				CLANG_WARN_EMPTY_BODY = YES;
				CLANG_WARN_ENUM_CONVERSION = YES;
				CLANG_WARN_INT_CONVERSION = YES;
				CLANG_WARN_OBJC_ROOT_CLASS = YES_ERROR;
				CLANG_WARN_UNREACHABLE_CODE = YES;
				CLANG_WARN__DUPLICATE_METHOD_MATCH = YES;
				"CODE_SIGN_IDENTITY[sdk=iphoneos*]" = "iPhone Developer";
				COPY_PHASE_STRIP = NO;
				DEBUG_INFORMATION_FORMAT = "dwarf-with-dsym";
				ENABLE_NS_ASSERTIONS = NO;
				ENABLE_STRICT_OBJC_MSGSEND = YES;
				GCC_C_LANGUAGE_STANDARD = gnu99;
				GCC_NO_COMMON_BLOCKS = YES;
				GCC_WARN_64_TO_32_BIT_CONVERSION = YES;
				GCC_WARN_ABOUT_RETURN_TYPE = YES_ERROR;
				GCC_WARN_UNDECLARED_SELECTOR = YES;
				GCC_WARN_UNINITIALIZED_AUTOS = YES_AGGRESSIVE;
				GCC_WARN_UNUSED_FUNCTION = YES;
				GCC_WARN_UNUSED_VARIABLE = YES;
				IPHONEOS_DEPLOYMENT_TARGET = 9.3;
				MTL_ENABLE_DEBUG_INFO = NO;
				SDKROOT = iphoneos;
				TARGETED_DEVICE_FAMILY = 2;
				VALIDATE_PRODUCT = YES;
			};
			name = Release;
		};
		976C0C911D9421C10063E79D /* Debug */ = {
			isa = XCBuildConfiguration;
			buildSettings = {
				ASSETCATALOG_COMPILER_APPICON_NAME = AppIcon;
				ASSETCATALOG_COMPILER_LAUNCHIMAGE_NAME = "Brand Assets";
				INFOPLIST_FILE = Cosomer/Info.plist;
				LD_RUNPATH_SEARCH_PATHS = "$(inherited) @executable_path/Frameworks";
				PRODUCT_BUNDLE_IDENTIFIER = hiboux.Cosomer;
				PRODUCT_NAME = "$(TARGET_NAME)";
			};
			name = Debug;
		};
		976C0C921D9421C10063E79D /* Release */ = {
			isa = XCBuildConfiguration;
			buildSettings = {
				ASSETCATALOG_COMPILER_APPICON_NAME = AppIcon;
				ASSETCATALOG_COMPILER_LAUNCHIMAGE_NAME = "Brand Assets";
				INFOPLIST_FILE = Cosomer/Info.plist;
				LD_RUNPATH_SEARCH_PATHS = "$(inherited) @executable_path/Frameworks";
				PRODUCT_BUNDLE_IDENTIFIER = hiboux.Cosomer;
				PRODUCT_NAME = "$(TARGET_NAME)";
			};
			name = Release;
		};
/* End XCBuildConfiguration section */

/* Begin XCConfigurationList section */
		976C0C791D9421C00063E79D /* Build configuration list for PBXProject "Cosomer" */ = {
			isa = XCConfigurationList;
			buildConfigurations = (
				976C0C8E1D9421C10063E79D /* Debug */,
				976C0C8F1D9421C10063E79D /* Release */,
			);
			defaultConfigurationIsVisible = 0;
			defaultConfigurationName = Release;
		};
		976C0C901D9421C10063E79D /* Build configuration list for PBXNativeTarget "Cosomer" */ = {
			isa = XCConfigurationList;
			buildConfigurations = (
				976C0C911D9421C10063E79D /* Debug */,
				976C0C921D9421C10063E79D /* Release */,
			);
			defaultConfigurationIsVisible = 0;
			defaultConfigurationName = Release;
		};
/* End XCConfigurationList section */
	};
	rootObject = 976C0C761D9421C00063E79D /* Project object */;
}
